
Microsoft Visual Studio Solution File, Format Version 12.00
# Visual Studio 15
VisualStudioVersion = 15.0.28307.1831
MinimumVisualStudioVersion = 10.0.40219.1
Project("{FAE04EC0-301F-11D3-BF4B-00C04F79EFBC}") = "IMDB", "IMDB\IMDB.csproj", "{DD55C8A6-7588-41DB-819D-DFB569FB790C}"
EndProject
Global
	GlobalSection(SolutionConfigurationPlatforms) = preSolution
		Debug|Any CPU = Debug|Any CPU
		Release|Any CPU = Release|Any CPU
	EndGlobalSection
	GlobalSection(ProjectConfigurationPlatforms) = postSolution
		{DD55C8A6-7588-41DB-819D-DFB569FB790C}.Debug|Any CPU.ActiveCfg = Debug|Any CPU
		{DD55C8A6-7588-41DB-819D-DFB569FB790C}.Debug|Any CPU.Build.0 = Debug|Any CPU
		{DD55C8A6-7588-41DB-819D-DFB569FB790C}.Release|Any CPU.ActiveCfg = Release|Any CPU
		{DD55C8A6-7588-41DB-819D-DFB569FB790C}.Release|Any CPU.Build.0 = Release|Any CPU
	EndGlobalSection
	GlobalSection(SolutionProperties) = preSolution
		HideSolutionNode = FALSE
	EndGlobalSection
	GlobalSection(ExtensibilityGlobals) = postSolution
		SolutionGuid = {439AD413-7ADB-4259-8537-20A5373CCF60}
	EndGlobalSection
EndGlobal
